
Microsoft Visual Studio Solution File, Format Version 12.00
# Visual Studio 2013
VisualStudioVersion = 12.0.21005.1
MinimumVisualStudioVersion = 10.0.40219.1
Project("{FAE04EC0-301F-11D3-BF4B-00C04F79EFBC}") = "CompilJeux", "CompilJeux\CompilJeux.csproj", "{DBB19012-56C4-48B4-9139-5C3D7BE923FC}"
EndProject
Project("{FAE04EC0-301F-11D3-BF4B-00C04F79EFBC}") = "TestCompilJeux", "UnitTestProject1\TestCompilJeux.csproj", "{E301AA5D-D7FF-4959-810A-5F84EAC5E3FB}"
EndProject
Global
	GlobalSection(SolutionConfigurationPlatforms) = preSolution
		Debug|Any CPU = Debug|Any CPU
		Release|Any CPU = Release|Any CPU
	EndGlobalSection
	GlobalSection(ProjectConfigurationPlatforms) = postSolution
		{DBB19012-56C4-48B4-9139-5C3D7BE923FC}.Debug|Any CPU.ActiveCfg = Debug|Any CPU
		{DBB19012-56C4-48B4-9139-5C3D7BE923FC}.Debug|Any CPU.Build.0 = Debug|Any CPU
		{DBB19012-56C4-48B4-9139-5C3D7BE923FC}.Release|Any CPU.ActiveCfg = Release|Any CPU
		{DBB19012-56C4-48B4-9139-5C3D7BE923FC}.Release|Any CPU.Build.0 = Release|Any CPU
		{E301AA5D-D7FF-4959-810A-5F84EAC5E3FB}.Debug|Any CPU.ActiveCfg = Debug|Any CPU
		{E301AA5D-D7FF-4959-810A-5F84EAC5E3FB}.Debug|Any CPU.Build.0 = Debug|Any CPU
		{E301AA5D-D7FF-4959-810A-5F84EAC5E3FB}.Release|Any CPU.ActiveCfg = Release|Any CPU
		{E301AA5D-D7FF-4959-810A-5F84EAC5E3FB}.Release|Any CPU.Build.0 = Release|Any CPU
	EndGlobalSection
	GlobalSection(SolutionProperties) = preSolution
		HideSolutionNode = FALSE
	EndGlobalSection
EndGlobal
